
Microsoft Visual Studio Solution File, Format Version 12.00
# Visual Studio Version 16
VisualStudioVersion = 16.0.29215.179
MinimumVisualStudioVersion = 10.0.40219.1
Project("{FAE04EC0-301F-11D3-BF4B-00C04F79EFBC}") = "SpringfieldNuclear", "SpringfieldNuclear\SpringfieldNuclear.csproj", "{A33379CC-792D-473E-8F0F-C3AD7FAFFF1F}"
EndProject
Global
	GlobalSection(SolutionConfigurationPlatforms) = preSolution
		Debug|Any CPU = Debug|Any CPU
		Release|Any CPU = Release|Any CPU
	EndGlobalSection
	GlobalSection(ProjectConfigurationPlatforms) = postSolution
		{A33379CC-792D-473E-8F0F-C3AD7FAFFF1F}.Debug|Any CPU.ActiveCfg = Debug|Any CPU
		{A33379CC-792D-473E-8F0F-C3AD7FAFFF1F}.Debug|Any CPU.Build.0 = Debug|Any CPU
		{A33379CC-792D-473E-8F0F-C3AD7FAFFF1F}.Release|Any CPU.ActiveCfg = Release|Any CPU
		{A33379CC-792D-473E-8F0F-C3AD7FAFFF1F}.Release|Any CPU.Build.0 = Release|Any CPU
	EndGlobalSection
	GlobalSection(SolutionProperties) = preSolution
		HideSolutionNode = FALSE
	EndGlobalSection
	GlobalSection(ExtensibilityGlobals) = postSolution
		SolutionGuid = {C522FF2A-FB94-4ED0-BCFC-9549AE50D02C}
	EndGlobalSection
EndGlobal
